
Microsoft Visual Studio Solution File, Format Version 12.00
# Visual Studio 2012
VisualStudioVersion = 12.0.30501.0
MinimumVisualStudioVersion = 10.0.40219.1
Project("{FAE04EC0-301F-11D3-BF4B-00C04F79EFBC}") = "SbsMobile.Tests", "SbsMobile.Tests\SbsMobile.Tests.csproj", "{EFF06247-685E-4A55-BB21-C6F5A350F90C}"
EndProject
Project("{FAE04EC0-301F-11D3-BF4B-00C04F79EFBC}") = "SbsMobile.Shared", "SbsMobile.Shared\SbsMobile.Shared.csproj", "{CA042327-74A6-4658-8A1B-898CD2B86918}"
EndProject
Project("{FAE04EC0-301F-11D3-BF4B-00C04F79EFBC}") = "SbsMobile.SharedPcl", "SbsMobile.SharedPcl\SbsMobile.SharedPcl.csproj", "{D95DF439-3786-433B-94DD-E0468026F5FB}"
EndProject
Project("{FAE04EC0-301F-11D3-BF4B-00C04F79EFBC}") = "SbsMobile.Droid", "SbsMobile.Droid\SbsMobile.Droid.csproj", "{43566F72-13DC-4326-AF24-F7A9C1FB593F}"
EndProject
Project("{FAE04EC0-301F-11D3-BF4B-00C04F79EFBC}") = "SbsMobile.iOS", "SbsMobile.iOS\SbsMobile.iOS.csproj", "{5F2DFE6B-5369-4783-B18E-6D201CD1A862}"
EndProject
Global
	GlobalSection(SolutionConfigurationPlatforms) = preSolution
		Ad-Hoc|Any CPU = Ad-Hoc|Any CPU
		Ad-Hoc|iPhone = Ad-Hoc|iPhone
		Ad-Hoc|iPhoneSimulator = Ad-Hoc|iPhoneSimulator
		Ad-Hoc|Mixed Platforms = Ad-Hoc|Mixed Platforms
		AppStore|Any CPU = AppStore|Any CPU
		AppStore|iPhone = AppStore|iPhone
		AppStore|iPhoneSimulator = AppStore|iPhoneSimulator
		AppStore|Mixed Platforms = AppStore|Mixed Platforms
		Debug|Any CPU = Debug|Any CPU
		Debug|iPhone = Debug|iPhone
		Debug|iPhoneSimulator = Debug|iPhoneSimulator
		Debug|Mixed Platforms = Debug|Mixed Platforms
		Release|Any CPU = Release|Any CPU
		Release|iPhone = Release|iPhone
		Release|iPhoneSimulator = Release|iPhoneSimulator
		Release|Mixed Platforms = Release|Mixed Platforms
	EndGlobalSection
	GlobalSection(ProjectConfigurationPlatforms) = postSolution
		{43566F72-13DC-4326-AF24-F7A9C1FB593F}.Ad-Hoc|Any CPU.ActiveCfg = Release|Any CPU
		{43566F72-13DC-4326-AF24-F7A9C1FB593F}.Ad-Hoc|Any CPU.Build.0 = Release|Any CPU
		{43566F72-13DC-4326-AF24-F7A9C1FB593F}.Ad-Hoc|Any CPU.Deploy.0 = Release|Any CPU
		{43566F72-13DC-4326-AF24-F7A9C1FB593F}.Ad-Hoc|iPhone.ActiveCfg = Release|Any CPU
		{43566F72-13DC-4326-AF24-F7A9C1FB593F}.Ad-Hoc|iPhoneSimulator.ActiveCfg = Release|Any CPU
		{43566F72-13DC-4326-AF24-F7A9C1FB593F}.Ad-Hoc|Mixed Platforms.ActiveCfg = Release|Any CPU
		{43566F72-13DC-4326-AF24-F7A9C1FB593F}.Ad-Hoc|Mixed Platforms.Build.0 = Release|Any CPU
		{43566F72-13DC-4326-AF24-F7A9C1FB593F}.Ad-Hoc|Mixed Platforms.Deploy.0 = Release|Any CPU
		{43566F72-13DC-4326-AF24-F7A9C1FB593F}.AppStore|Any CPU.ActiveCfg = Release|Any CPU
		{43566F72-13DC-4326-AF24-F7A9C1FB593F}.AppStore|Any CPU.Build.0 = Release|Any CPU
		{43566F72-13DC-4326-AF24-F7A9C1FB593F}.AppStore|Any CPU.Deploy.0 = Release|Any CPU
		{43566F72-13DC-4326-AF24-F7A9C1FB593F}.AppStore|iPhone.ActiveCfg = Release|Any CPU
		{43566F72-13DC-4326-AF24-F7A9C1FB593F}.AppStore|iPhoneSimulator.ActiveCfg = Release|Any CPU
		{43566F72-13DC-4326-AF24-F7A9C1FB593F}.AppStore|Mixed Platforms.ActiveCfg = Release|Any CPU
		{43566F72-13DC-4326-AF24-F7A9C1FB593F}.AppStore|Mixed Platforms.Build.0 = Release|Any CPU
		{43566F72-13DC-4326-AF24-F7A9C1FB593F}.AppStore|Mixed Platforms.Deploy.0 = Release|Any CPU
		{43566F72-13DC-4326-AF24-F7A9C1FB593F}.Debug|Any CPU.ActiveCfg = Debug|Any CPU
		{43566F72-13DC-4326-AF24-F7A9C1FB593F}.Debug|Any CPU.Build.0 = Debug|Any CPU
		{43566F72-13DC-4326-AF24-F7A9C1FB593F}.Debug|Any CPU.Deploy.0 = Debug|Any CPU
		{43566F72-13DC-4326-AF24-F7A9C1FB593F}.Debug|iPhone.ActiveCfg = Debug|Any CPU
		{43566F72-13DC-4326-AF24-F7A9C1FB593F}.Debug|iPhoneSimulator.ActiveCfg = Debug|Any CPU
		{43566F72-13DC-4326-AF24-F7A9C1FB593F}.Debug|Mixed Platforms.ActiveCfg = Debug|Any CPU
		{43566F72-13DC-4326-AF24-F7A9C1FB593F}.Debug|Mixed Platforms.Build.0 = Debug|Any CPU
		{43566F72-13DC-4326-AF24-F7A9C1FB593F}.Debug|Mixed Platforms.Deploy.0 = Debug|Any CPU
		{43566F72-13DC-4326-AF24-F7A9C1FB593F}.Release|Any CPU.ActiveCfg = Release|Any CPU
		{43566F72-13DC-4326-AF24-F7A9C1FB593F}.Release|Any CPU.Build.0 = Release|Any CPU
		{43566F72-13DC-4326-AF24-F7A9C1FB593F}.Release|Any CPU.Deploy.0 = Release|Any CPU
		{43566F72-13DC-4326-AF24-F7A9C1FB593F}.Release|iPhone.ActiveCfg = Release|Any CPU
		{43566F72-13DC-4326-AF24-F7A9C1FB593F}.Release|iPhoneSimulator.ActiveCfg = Release|Any CPU
		{43566F72-13DC-4326-AF24-F7A9C1FB593F}.Release|Mixed Platforms.ActiveCfg = Release|Any CPU
		{43566F72-13DC-4326-AF24-F7A9C1FB593F}.Release|Mixed Platforms.Build.0 = Release|Any CPU
		{43566F72-13DC-4326-AF24-F7A9C1FB593F}.Release|Mixed Platforms.Deploy.0 = Release|Any CPU
		{5F2DFE6B-5369-4783-B18E-6D201CD1A862}.Ad-Hoc|Any CPU.ActiveCfg = Ad-Hoc|iPhone
		{5F2DFE6B-5369-4783-B18E-6D201CD1A862}.Ad-Hoc|iPhone.ActiveCfg = Ad-Hoc|iPhone
		{5F2DFE6B-5369-4783-B18E-6D201CD1A862}.Ad-Hoc|iPhone.Build.0 = Ad-Hoc|iPhone
		{5F2DFE6B-5369-4783-B18E-6D201CD1A862}.Ad-Hoc|iPhone.Deploy.0 = Ad-Hoc|iPhone
		{5F2DFE6B-5369-4783-B18E-6D201CD1A862}.Ad-Hoc|iPhoneSimulator.ActiveCfg = Ad-Hoc|iPhoneSimulator
		{5F2DFE6B-5369-4783-B18E-6D201CD1A862}.Ad-Hoc|iPhoneSimulator.Build.0 = Ad-Hoc|iPhoneSimulator
		{5F2DFE6B-5369-4783-B18E-6D201CD1A862}.Ad-Hoc|iPhoneSimulator.Deploy.0 = Ad-Hoc|iPhoneSimulator
		{5F2DFE6B-5369-4783-B18E-6D201CD1A862}.Ad-Hoc|Mixed Platforms.ActiveCfg = Ad-Hoc|iPhone
		{5F2DFE6B-5369-4783-B18E-6D201CD1A862}.Ad-Hoc|Mixed Platforms.Build.0 = Ad-Hoc|iPhone
		{5F2DFE6B-5369-4783-B18E-6D201CD1A862}.Ad-Hoc|Mixed Platforms.Deploy.0 = Ad-Hoc|iPhone
		{5F2DFE6B-5369-4783-B18E-6D201CD1A862}.AppStore|Any CPU.ActiveCfg = AppStore|iPhone
		{5F2DFE6B-5369-4783-B18E-6D201CD1A862}.AppStore|iPhone.ActiveCfg = AppStore|iPhone
		{5F2DFE6B-5369-4783-B18E-6D201CD1A862}.AppStore|iPhone.Build.0 = AppStore|iPhone
		{5F2DFE6B-5369-4783-B18E-6D201CD1A862}.AppStore|iPhone.Deploy.0 = AppStore|iPhone
		{5F2DFE6B-5369-4783-B18E-6D201CD1A862}.AppStore|iPhoneSimulator.ActiveCfg = AppStore|iPhoneSimulator
		{5F2DFE6B-5369-4783-B18E-6D201CD1A862}.AppStore|iPhoneSimulator.Build.0 = AppStore|iPhoneSimulator
		{5F2DFE6B-5369-4783-B18E-6D201CD1A862}.AppStore|iPhoneSimulator.Deploy.0 = AppStore|iPhoneSimulator
		{5F2DFE6B-5369-4783-B18E-6D201CD1A862}.AppStore|Mixed Platforms.ActiveCfg = AppStore|iPhone
		{5F2DFE6B-5369-4783-B18E-6D201CD1A862}.AppStore|Mixed Platforms.Build.0 = AppStore|iPhone
		{5F2DFE6B-5369-4783-B18E-6D201CD1A862}.AppStore|Mixed Platforms.Deploy.0 = AppStore|iPhone
		{5F2DFE6B-5369-4783-B18E-6D201CD1A862}.Debug|Any CPU.ActiveCfg = Debug|iPhone
		{5F2DFE6B-5369-4783-B18E-6D201CD1A862}.Debug|iPhone.ActiveCfg = Debug|iPhone
		{5F2DFE6B-5369-4783-B18E-6D201CD1A862}.Debug|iPhone.Build.0 = Debug|iPhone
		{5F2DFE6B-5369-4783-B18E-6D201CD1A862}.Debug|iPhone.Deploy.0 = Debug|iPhone
		{5F2DFE6B-5369-4783-B18E-6D201CD1A862}.Debug|iPhoneSimulator.ActiveCfg = Debug|iPhoneSimulator
		{5F2DFE6B-5369-4783-B18E-6D201CD1A862}.Debug|iPhoneSimulator.Build.0 = Debug|iPhoneSimulator
		{5F2DFE6B-5369-4783-B18E-6D201CD1A862}.Debug|iPhoneSimulator.Deploy.0 = Debug|iPhoneSimulator
		{5F2DFE6B-5369-4783-B18E-6D201CD1A862}.Debug|Mixed Platforms.ActiveCfg = Debug|iPhone
		{5F2DFE6B-5369-4783-B18E-6D201CD1A862}.Debug|Mixed Platforms.Build.0 = Debug|iPhone
		{5F2DFE6B-5369-4783-B18E-6D201CD1A862}.Debug|Mixed Platforms.Deploy.0 = Debug|iPhone
		{5F2DFE6B-5369-4783-B18E-6D201CD1A862}.Release|Any CPU.ActiveCfg = Release|iPhone
		{5F2DFE6B-5369-4783-B18E-6D201CD1A862}.Release|iPhone.ActiveCfg = Release|iPhone
		{5F2DFE6B-5369-4783-B18E-6D201CD1A862}.Release|iPhone.Build.0 = Release|iPhone
		{5F2DFE6B-5369-4783-B18E-6D201CD1A862}.Release|iPhone.Deploy.0 = Release|iPhone
		{5F2DFE6B-5369-4783-B18E-6D201CD1A862}.Release|iPhoneSimulator.ActiveCfg = Release|iPhoneSimulator
		{5F2DFE6B-5369-4783-B18E-6D201CD1A862}.Release|iPhoneSimulator.Build.0 = Release|iPhoneSimulator
		{5F2DFE6B-5369-4783-B18E-6D201CD1A862}.Release|iPhoneSimulator.Deploy.0 = Release|iPhoneSimulator
		{5F2DFE6B-5369-4783-B18E-6D201CD1A862}.Release|Mixed Platforms.ActiveCfg = Release|iPhone
		{5F2DFE6B-5369-4783-B18E-6D201CD1A862}.Release|Mixed Platforms.Build.0 = Release|iPhone
		{5F2DFE6B-5369-4783-B18E-6D201CD1A862}.Release|Mixed Platforms.Deploy.0 = Release|iPhone
		{CA042327-74A6-4658-8A1B-898CD2B86918}.Ad-Hoc|Any CPU.ActiveCfg = Release|Any CPU
		{CA042327-74A6-4658-8A1B-898CD2B86918}.Ad-Hoc|Any CPU.Build.0 = Release|Any CPU
		{CA042327-74A6-4658-8A1B-898CD2B86918}.Ad-Hoc|iPhone.ActiveCfg = Release|Any CPU
		{CA042327-74A6-4658-8A1B-898CD2B86918}.Ad-Hoc|iPhoneSimulator.ActiveCfg = Release|Any CPU
		{CA042327-74A6-4658-8A1B-898CD2B86918}.Ad-Hoc|Mixed Platforms.ActiveCfg = Release|Any CPU
		{CA042327-74A6-4658-8A1B-898CD2B86918}.Ad-Hoc|Mixed Platforms.Build.0 = Release|Any CPU
		{CA042327-74A6-4658-8A1B-898CD2B86918}.AppStore|Any CPU.ActiveCfg = Release|Any CPU
		{CA042327-74A6-4658-8A1B-898CD2B86918}.AppStore|Any CPU.Build.0 = Release|Any CPU
		{CA042327-74A6-4658-8A1B-898CD2B86918}.AppStore|iPhone.ActiveCfg = Release|Any CPU
		{CA042327-74A6-4658-8A1B-898CD2B86918}.AppStore|iPhoneSimulator.ActiveCfg = Release|Any CPU
		{CA042327-74A6-4658-8A1B-898CD2B86918}.AppStore|Mixed Platforms.ActiveCfg = Release|Any CPU
		{CA042327-74A6-4658-8A1B-898CD2B86918}.AppStore|Mixed Platforms.Build.0 = Release|Any CPU
		{CA042327-74A6-4658-8A1B-898CD2B86918}.Debug|Any CPU.ActiveCfg = Debug|Any CPU
		{CA042327-74A6-4658-8A1B-898CD2B86918}.Debug|Any CPU.Build.0 = Debug|Any CPU
		{CA042327-74A6-4658-8A1B-898CD2B86918}.Debug|iPhone.ActiveCfg = Debug|Any CPU
		{CA042327-74A6-4658-8A1B-898CD2B86918}.Debug|iPhoneSimulator.ActiveCfg = Debug|Any CPU
		{CA042327-74A6-4658-8A1B-898CD2B86918}.Debug|Mixed Platforms.ActiveCfg = Debug|Any CPU
		{CA042327-74A6-4658-8A1B-898CD2B86918}.Debug|Mixed Platforms.Build.0 = Debug|Any CPU
		{CA042327-74A6-4658-8A1B-898CD2B86918}.Release|Any CPU.ActiveCfg = Release|Any CPU
		{CA042327-74A6-4658-8A1B-898CD2B86918}.Release|Any CPU.Build.0 = Release|Any CPU
		{CA042327-74A6-4658-8A1B-898CD2B86918}.Release|iPhone.ActiveCfg = Release|Any CPU
		{CA042327-74A6-4658-8A1B-898CD2B86918}.Release|iPhoneSimulator.ActiveCfg = Release|Any CPU
		{CA042327-74A6-4658-8A1B-898CD2B86918}.Release|Mixed Platforms.ActiveCfg = Release|Any CPU
		{CA042327-74A6-4658-8A1B-898CD2B86918}.Release|Mixed Platforms.Build.0 = Release|Any CPU
		{D95DF439-3786-433B-94DD-E0468026F5FB}.Ad-Hoc|Any CPU.ActiveCfg = Release|Any CPU
		{D95DF439-3786-433B-94DD-E0468026F5FB}.Ad-Hoc|Any CPU.Build.0 = Release|Any CPU
		{D95DF439-3786-433B-94DD-E0468026F5FB}.Ad-Hoc|iPhone.ActiveCfg = Release|Any CPU
		{D95DF439-3786-433B-94DD-E0468026F5FB}.Ad-Hoc|iPhoneSimulator.ActiveCfg = Release|Any CPU
		{D95DF439-3786-433B-94DD-E0468026F5FB}.Ad-Hoc|Mixed Platforms.ActiveCfg = Release|Any CPU
		{D95DF439-3786-433B-94DD-E0468026F5FB}.Ad-Hoc|Mixed Platforms.Build.0 = Release|Any CPU
		{D95DF439-3786-433B-94DD-E0468026F5FB}.AppStore|Any CPU.ActiveCfg = Release|Any CPU
		{D95DF439-3786-433B-94DD-E0468026F5FB}.AppStore|Any CPU.Build.0 = Release|Any CPU
		{D95DF439-3786-433B-94DD-E0468026F5FB}.AppStore|iPhone.ActiveCfg = Release|Any CPU
		{D95DF439-3786-433B-94DD-E0468026F5FB}.AppStore|iPhoneSimulator.ActiveCfg = Release|Any CPU
		{D95DF439-3786-433B-94DD-E0468026F5FB}.AppStore|Mixed Platforms.ActiveCfg = Release|Any CPU
		{D95DF439-3786-433B-94DD-E0468026F5FB}.AppStore|Mixed Platforms.Build.0 = Release|Any CPU
		{D95DF439-3786-433B-94DD-E0468026F5FB}.Debug|Any CPU.ActiveCfg = Debug|Any CPU
		{D95DF439-3786-433B-94DD-E0468026F5FB}.Debug|Any CPU.Build.0 = Debug|Any CPU
		{D95DF439-3786-433B-94DD-E0468026F5FB}.Debug|iPhone.ActiveCfg = Debug|Any CPU
		{D95DF439-3786-433B-94DD-E0468026F5FB}.Debug|iPhoneSimulator.ActiveCfg = Debug|Any CPU
		{D95DF439-3786-433B-94DD-E0468026F5FB}.Debug|Mixed Platforms.ActiveCfg = Debug|Any CPU
		{D95DF439-3786-433B-94DD-E0468026F5FB}.Debug|Mixed Platforms.Build.0 = Debug|Any CPU
		{D95DF439-3786-433B-94DD-E0468026F5FB}.Release|Any CPU.ActiveCfg = Release|Any CPU
		{D95DF439-3786-433B-94DD-E0468026F5FB}.Release|Any CPU.Build.0 = Release|Any CPU
		{D95DF439-3786-433B-94DD-E0468026F5FB}.Release|iPhone.ActiveCfg = Release|Any CPU
		{D95DF439-3786-433B-94DD-E0468026F5FB}.Release|iPhoneSimulator.ActiveCfg = Release|Any CPU
		{D95DF439-3786-433B-94DD-E0468026F5FB}.Release|Mixed Platforms.ActiveCfg = Release|Any CPU
		{D95DF439-3786-433B-94DD-E0468026F5FB}.Release|Mixed Platforms.Build.0 = Release|Any CPU
		{EFF06247-685E-4A55-BB21-C6F5A350F90C}.Ad-Hoc|Any CPU.ActiveCfg = Release|Any CPU
		{EFF06247-685E-4A55-BB21-C6F5A350F90C}.Ad-Hoc|Any CPU.Build.0 = Release|Any CPU
		{EFF06247-685E-4A55-BB21-C6F5A350F90C}.Ad-Hoc|iPhone.ActiveCfg = Release|Any CPU
		{EFF06247-685E-4A55-BB21-C6F5A350F90C}.Ad-Hoc|iPhoneSimulator.ActiveCfg = Release|Any CPU
		{EFF06247-685E-4A55-BB21-C6F5A350F90C}.Ad-Hoc|Mixed Platforms.ActiveCfg = Release|Any CPU
		{EFF06247-685E-4A55-BB21-C6F5A350F90C}.Ad-Hoc|Mixed Platforms.Build.0 = Release|Any CPU
		{EFF06247-685E-4A55-BB21-C6F5A350F90C}.AppStore|Any CPU.ActiveCfg = Release|Any CPU
		{EFF06247-685E-4A55-BB21-C6F5A350F90C}.AppStore|Any CPU.Build.0 = Release|Any CPU
		{EFF06247-685E-4A55-BB21-C6F5A350F90C}.AppStore|iPhone.ActiveCfg = Release|Any CPU
		{EFF06247-685E-4A55-BB21-C6F5A350F90C}.AppStore|iPhoneSimulator.ActiveCfg = Release|Any CPU
		{EFF06247-685E-4A55-BB21-C6F5A350F90C}.AppStore|Mixed Platforms.ActiveCfg = Release|Any CPU
		{EFF06247-685E-4A55-BB21-C6F5A350F90C}.AppStore|Mixed Platforms.Build.0 = Release|Any CPU
		{EFF06247-685E-4A55-BB21-C6F5A350F90C}.Debug|Any CPU.ActiveCfg = Debug|Any CPU
		{EFF06247-685E-4A55-BB21-C6F5A350F90C}.Debug|Any CPU.Build.0 = Debug|Any CPU
		{EFF06247-685E-4A55-BB21-C6F5A350F90C}.Debug|iPhone.ActiveCfg = Debug|Any CPU
		{EFF06247-685E-4A55-BB21-C6F5A350F90C}.Debug|iPhoneSimulator.ActiveCfg = Debug|Any CPU
		{EFF06247-685E-4A55-BB21-C6F5A350F90C}.Debug|Mixed Platforms.ActiveCfg = Debug|Any CPU
		{EFF06247-685E-4A55-BB21-C6F5A350F90C}.Debug|Mixed Platforms.Build.0 = Debug|Any CPU
		{EFF06247-685E-4A55-BB21-C6F5A350F90C}.Release|Any CPU.ActiveCfg = Release|Any CPU
		{EFF06247-685E-4A55-BB21-C6F5A350F90C}.Release|Any CPU.Build.0 = Release|Any CPU
		{EFF06247-685E-4A55-BB21-C6F5A350F90C}.Release|iPhone.ActiveCfg = Release|Any CPU
		{EFF06247-685E-4A55-BB21-C6F5A350F90C}.Release|iPhoneSimulator.ActiveCfg = Release|Any CPU
		{EFF06247-685E-4A55-BB21-C6F5A350F90C}.Release|Mixed Platforms.ActiveCfg = Release|Any CPU
		{EFF06247-685E-4A55-BB21-C6F5A350F90C}.Release|Mixed Platforms.Build.0 = Release|Any CPU
	EndGlobalSection
	GlobalSection(MonoDevelopProperties) = preSolution
		StartupItem = SbsMobile.iOS\SbsMobile.iOS.csproj
	EndGlobalSection
	GlobalSection(SolutionProperties) = preSolution
		HideSolutionNode = FALSE
	EndGlobalSection
EndGlobal
